
Microsoft Visual Studio Solution File, Format Version 12.00
# Visual Studio Version 17
VisualStudioVersion = 17.10.35013.160
MinimumVisualStudioVersion = 10.0.40219.1
Project("{9A19103F-16F7-4668-BE54-9A1E7A4F7556}") = "APIWaveRelease", "APIWaveRelease\APIWaveRelease.csproj", "{7A312E6E-D91B-4C6C-BE08-77FD0357A1BF}"
EndProject
Project("{9A19103F-16F7-4668-BE54-9A1E7A4F7556}") = "APILPNPicking", "APILPNPicking\APILPNPicking.csproj", "{2F8E9009-5172-4111-B5F8-B70542EB7AFA}"
EndProject
Project("{2150E333-8FDC-42A3-9474-1A3956D46DE8}") = "dockercompose", "dockercompose", "{5D8C7DEC-E99F-4392-9C0F-28D9FD3D8010}"
	ProjectSection(SolutionItems) = preProject
		dockercompose\docker-compose.yml = dockercompose\docker-compose.yml
	EndProjectSection
EndProject
Project("{9A19103F-16F7-4668-BE54-9A1E7A4F7556}") = "APIOrderConfirmation", "APIOrderConfirmation\APIOrderConfirmation.csproj", "{B1A4D77A-C851-4619-8FC6-25305C4F10C2}"
EndProject
Project("{9A19103F-16F7-4668-BE54-9A1E7A4F7556}") = "APIFamilyMaster", "APIFamilyMaster\APIFamilyMaster.csproj", "{E8FE6BD6-C8CD-4D9B-8F6E-E902568B3792}"
EndProject
Project("{9A19103F-16F7-4668-BE54-9A1E7A4F7556}") = "AuthServices", "AuthServices\AuthServices.csproj", "{BEA65DF5-8C52-42DF-9A3F-DE98F16D004F}"
EndProject
Project("{FAE04EC0-301F-11D3-BF4B-00C04F79EFBC}") = "APIDepartureFeedback", "APIDepartureFeedback\APIDepartureFeedback.csproj", "{529FAFFD-BAEF-4DC7-8E01-3B2EB0DDE505}"
EndProject
Global
	GlobalSection(SolutionConfigurationPlatforms) = preSolution
		Debug|Any CPU = Debug|Any CPU
		Release|Any CPU = Release|Any CPU
	EndGlobalSection
	GlobalSection(ProjectConfigurationPlatforms) = postSolution
		{7A312E6E-D91B-4C6C-BE08-77FD0357A1BF}.Debug|Any CPU.ActiveCfg = Release|Any CPU
		{7A312E6E-D91B-4C6C-BE08-77FD0357A1BF}.Debug|Any CPU.Build.0 = Release|Any CPU
		{7A312E6E-D91B-4C6C-BE08-77FD0357A1BF}.Release|Any CPU.ActiveCfg = Release|Any CPU
		{7A312E6E-D91B-4C6C-BE08-77FD0357A1BF}.Release|Any CPU.Build.0 = Release|Any CPU
		{2F8E9009-5172-4111-B5F8-B70542EB7AFA}.Debug|Any CPU.ActiveCfg = Debug|Any CPU
		{2F8E9009-5172-4111-B5F8-B70542EB7AFA}.Debug|Any CPU.Build.0 = Debug|Any CPU
		{2F8E9009-5172-4111-B5F8-B70542EB7AFA}.Release|Any CPU.ActiveCfg = Release|Any CPU
		{2F8E9009-5172-4111-B5F8-B70542EB7AFA}.Release|Any CPU.Build.0 = Release|Any CPU
		{B1A4D77A-C851-4619-8FC6-25305C4F10C2}.Debug|Any CPU.ActiveCfg = Debug|Any CPU
		{B1A4D77A-C851-4619-8FC6-25305C4F10C2}.Debug|Any CPU.Build.0 = Debug|Any CPU
		{B1A4D77A-C851-4619-8FC6-25305C4F10C2}.Release|Any CPU.ActiveCfg = Release|Any CPU
		{B1A4D77A-C851-4619-8FC6-25305C4F10C2}.Release|Any CPU.Build.0 = Release|Any CPU
		{E8FE6BD6-C8CD-4D9B-8F6E-E902568B3792}.Debug|Any CPU.ActiveCfg = Debug|Any CPU
		{E8FE6BD6-C8CD-4D9B-8F6E-E902568B3792}.Debug|Any CPU.Build.0 = Debug|Any CPU
		{E8FE6BD6-C8CD-4D9B-8F6E-E902568B3792}.Release|Any CPU.ActiveCfg = Release|Any CPU
		{E8FE6BD6-C8CD-4D9B-8F6E-E902568B3792}.Release|Any CPU.Build.0 = Release|Any CPU
		{BEA65DF5-8C52-42DF-9A3F-DE98F16D004F}.Debug|Any CPU.ActiveCfg = Debug|Any CPU
		{BEA65DF5-8C52-42DF-9A3F-DE98F16D004F}.Debug|Any CPU.Build.0 = Debug|Any CPU
		{BEA65DF5-8C52-42DF-9A3F-DE98F16D004F}.Release|Any CPU.ActiveCfg = Release|Any CPU
		{BEA65DF5-8C52-42DF-9A3F-DE98F16D004F}.Release|Any CPU.Build.0 = Release|Any CPU
		{529FAFFD-BAEF-4DC7-8E01-3B2EB0DDE505}.Debug|Any CPU.ActiveCfg = Debug|Any CPU
		{529FAFFD-BAEF-4DC7-8E01-3B2EB0DDE505}.Debug|Any CPU.Build.0 = Debug|Any CPU
		{529FAFFD-BAEF-4DC7-8E01-3B2EB0DDE505}.Release|Any CPU.ActiveCfg = Release|Any CPU
		{529FAFFD-BAEF-4DC7-8E01-3B2EB0DDE505}.Release|Any CPU.Build.0 = Release|Any CPU
	EndGlobalSection
	GlobalSection(SolutionProperties) = preSolution
		HideSolutionNode = FALSE
	EndGlobalSection
	GlobalSection(ExtensibilityGlobals) = postSolution
		SolutionGuid = {618B655E-7579-4236-AD87-B08ABE236CFD}
	EndGlobalSection
EndGlobal
